<Solution>
  <Project Path="FWU.Exam.Management.Api/FWU.Exam.Management.Api.csproj" />
  <Project Path="FWU.Exam.Management.Application/FWU.Exam.Management.Application.csproj" />
  <Project Path="FWU.Exam.Management.Domain/FWU.Exam.Management.Domain.csproj" />
  <Project Path="FWU.Exam.Management.Infrastructure/FWU.Exam.Management.Infrastructure.csproj" />
  <Project Path="FWU.Exam.Management.Web/FWU.Exam.Management.Web.csproj" />
  <Project Path="tests/FWU.Exam.Management.Domain.Tests/FWU.Exam.Management.Domain.Tests.csproj" />
  <Project Path="tests/FWU.Exam.Management.Infrastructure.Tests/FWU.Exam.Management.Infrastructure.Tests.csproj" />
  <Project Path="tests/FWU.Exam.Management.Web.Tests/FWU.Exam.Management.Web.Tests.csproj" />
</Solution>
