Microsoft Visual Studio Solution File, Format Version 12.00
# Visual Studio Version 17
VisualStudioVersion = 17.5.2.0
MinimumVisualStudioVersion = 10.0.40219.1
Project("{FAE04EC0-301F-11D3-BF4B-00C04F79EFBC}") = "FWU.Exam.Management.Web", "FWU.Exam.Management.Web.csproj", "{2F949627-19A5-02B6-BD97-1F5DA06B0482}"
EndProject
Global
	GlobalSection(SolutionConfigurationPlatforms) = preSolution
		Debug|Any CPU = Debug|Any CPU
		Release|Any CPU = Release|Any CPU
	EndGlobalSection
	GlobalSection(ProjectConfigurationPlatforms) = postSolution
		{2F949627-19A5-02B6-BD97-1F5DA06B0482}.Debug|Any CPU.ActiveCfg = Debug|Any CPU
		{2F949627-19A5-02B6-BD97-1F5DA06B0482}.Debug|Any CPU.Build.0 = Debug|Any CPU
		{2F949627-19A5-02B6-BD97-1F5DA06B0482}.Release|Any CPU.ActiveCfg = Release|Any CPU
		{2F949627-19A5-02B6-BD97-1F5DA06B0482}.Release|Any CPU.Build.0 = Release|Any CPU
	EndGlobalSection
	GlobalSection(SolutionProperties) = preSolution
		HideSolutionNode = FALSE
	EndGlobalSection
	GlobalSection(ExtensibilityGlobals) = postSolution
		SolutionGuid = {7FFDA5A3-79BE-4259-B61F-353AA84D277A}
	EndGlobalSection
EndGlobal
